
Microsoft Visual Studio Solution File, Format Version 12.00
# Visual Studio Version 16
VisualStudioVersion = 16.0.30621.155
MinimumVisualStudioVersion = 10.0.40219.1
Project("{9A19103F-16F7-4668-BE54-9A1E7A4F7556}") = "DatingApp.API", "DatingApp.API.csproj", "{AF4CFE8F-9099-4CA2-828B-CFFFBD6F2213}"
EndProject
Global
	GlobalSection(SolutionConfigurationPlatforms) = preSolution
		Debug|Any CPU = Debug|Any CPU
		Release|Any CPU = Release|Any CPU
	EndGlobalSection
	GlobalSection(ProjectConfigurationPlatforms) = postSolution
		{AF4CFE8F-9099-4CA2-828B-CFFFBD6F2213}.Debug|Any CPU.ActiveCfg = Debug|Any CPU
		{AF4CFE8F-9099-4CA2-828B-CFFFBD6F2213}.Debug|Any CPU.Build.0 = Debug|Any CPU
		{AF4CFE8F-9099-4CA2-828B-CFFFBD6F2213}.Release|Any CPU.ActiveCfg = Release|Any CPU
		{AF4CFE8F-9099-4CA2-828B-CFFFBD6F2213}.Release|Any CPU.Build.0 = Release|Any CPU
	EndGlobalSection
	GlobalSection(SolutionProperties) = preSolution
		HideSolutionNode = FALSE
	EndGlobalSection
	GlobalSection(ExtensibilityGlobals) = postSolution
		SolutionGuid = {EC079354-1C8E-4D55-B372-5C6BFF166AA5}
	EndGlobalSection
EndGlobal
